
Microsoft Visual Studio Solution File, Format Version 12.00
# Visual Studio Version 17
VisualStudioVersion = 17.14.36518.9 d17.14
MinimumVisualStudioVersion = 10.0.40219.1
Project("{FAE04EC0-301F-11D3-BF4B-00C04F79EFBC}") = "Dashboard", "Dashboard\Dashboard.csproj", "{620AD2ED-3E1F-4277-8B7F-6EC57B61D39B}"
EndProject
Global
	GlobalSection(SolutionConfigurationPlatforms) = preSolution
		Debug|Any CPU = Debug|Any CPU
		Release|Any CPU = Release|Any CPU
	EndGlobalSection
	GlobalSection(ProjectConfigurationPlatforms) = postSolution
		{620AD2ED-3E1F-4277-8B7F-6EC57B61D39B}.Debug|Any CPU.ActiveCfg = Debug|Any CPU
		{620AD2ED-3E1F-4277-8B7F-6EC57B61D39B}.Debug|Any CPU.Build.0 = Debug|Any CPU
		{620AD2ED-3E1F-4277-8B7F-6EC57B61D39B}.Release|Any CPU.ActiveCfg = Release|Any CPU
		{620AD2ED-3E1F-4277-8B7F-6EC57B61D39B}.Release|Any CPU.Build.0 = Release|Any CPU
	EndGlobalSection
	GlobalSection(SolutionProperties) = preSolution
		HideSolutionNode = FALSE
	EndGlobalSection
	GlobalSection(ExtensibilityGlobals) = postSolution
		SolutionGuid = {03551214-10C5-44D1-80D6-B95E2E45C8A5}
	EndGlobalSection
EndGlobal
